
Microsoft Visual Studio Solution File, Format Version 12.00
# Visual Studio 2013
VisualStudioVersion = 12.0.31101.0
MinimumVisualStudioVersion = 10.0.40219.1
Project("{FAE04EC0-301F-11D3-BF4B-00C04F79EFBC}") = "Problem01_SquareRoot", "Problem01_SquareRoot\Problem01_SquareRoot.csproj", "{8C5E4A98-CD08-4EBB-B21C-2B52A74B57EF}"
EndProject
Project("{FAE04EC0-301F-11D3-BF4B-00C04F79EFBC}") = "Problem02_EnterNumbers", "Problem02_EnterNumbers\Problem02_EnterNumbers.csproj", "{9DFC407D-B958-40AC-83F1-08EEF514F3E7}"
EndProject
Global
	GlobalSection(SolutionConfigurationPlatforms) = preSolution
		Debug|Any CPU = Debug|Any CPU
		Release|Any CPU = Release|Any CPU
	EndGlobalSection
	GlobalSection(ProjectConfigurationPlatforms) = postSolution
		{8C5E4A98-CD08-4EBB-B21C-2B52A74B57EF}.Debug|Any CPU.ActiveCfg = Debug|Any CPU
		{8C5E4A98-CD08-4EBB-B21C-2B52A74B57EF}.Debug|Any CPU.Build.0 = Debug|Any CPU
		{8C5E4A98-CD08-4EBB-B21C-2B52A74B57EF}.Release|Any CPU.ActiveCfg = Release|Any CPU
		{8C5E4A98-CD08-4EBB-B21C-2B52A74B57EF}.Release|Any CPU.Build.0 = Release|Any CPU
		{9DFC407D-B958-40AC-83F1-08EEF514F3E7}.Debug|Any CPU.ActiveCfg = Debug|Any CPU
		{9DFC407D-B958-40AC-83F1-08EEF514F3E7}.Debug|Any CPU.Build.0 = Debug|Any CPU
		{9DFC407D-B958-40AC-83F1-08EEF514F3E7}.Release|Any CPU.ActiveCfg = Release|Any CPU
		{9DFC407D-B958-40AC-83F1-08EEF514F3E7}.Release|Any CPU.Build.0 = Release|Any CPU
	EndGlobalSection
	GlobalSection(SolutionProperties) = preSolution
		HideSolutionNode = FALSE
	EndGlobalSection
EndGlobal
