
Microsoft Visual Studio Solution File, Format Version 12.00
# Visual Studio 2013
VisualStudioVersion = 12.0.31101.0
MinimumVisualStudioVersion = 10.0.40219.1
Project("{FAE04EC0-301F-11D3-BF4B-00C04F79EFBC}") = "Problem01_ShowDataFromRelatedTables", "Problem01_ShowDataFromRelatedTables\Problem01_ShowDataFromRelatedTables.csproj", "{0C87378C-5B9A-49C5-B29A-6590D7ECD899}"
EndProject
Project("{FAE04EC0-301F-11D3-BF4B-00C04F79EFBC}") = "Problem02_PlayWithToList", "Problem02_PlayWithToList\Problem02_PlayWithToList.csproj", "{EA52A05B-81DF-436B-895B-E7D60A4D49A1}"
EndProject
Project("{FAE04EC0-301F-11D3-BF4B-00C04F79EFBC}") = "Problem03_SelectEverVsSelectCertain", "Problem03_SelectEverVsSelectCertain\Problem03_SelectEverVsSelectCertain.csproj", "{2F474E27-67D0-4B72-B201-F39F28CBF95B}"
EndProject
Global
	GlobalSection(SolutionConfigurationPlatforms) = preSolution
		Debug|Any CPU = Debug|Any CPU
		Release|Any CPU = Release|Any CPU
	EndGlobalSection
	GlobalSection(ProjectConfigurationPlatforms) = postSolution
		{0C87378C-5B9A-49C5-B29A-6590D7ECD899}.Debug|Any CPU.ActiveCfg = Debug|Any CPU
		{0C87378C-5B9A-49C5-B29A-6590D7ECD899}.Debug|Any CPU.Build.0 = Debug|Any CPU
		{0C87378C-5B9A-49C5-B29A-6590D7ECD899}.Release|Any CPU.ActiveCfg = Release|Any CPU
		{0C87378C-5B9A-49C5-B29A-6590D7ECD899}.Release|Any CPU.Build.0 = Release|Any CPU
		{EA52A05B-81DF-436B-895B-E7D60A4D49A1}.Debug|Any CPU.ActiveCfg = Debug|Any CPU
		{EA52A05B-81DF-436B-895B-E7D60A4D49A1}.Debug|Any CPU.Build.0 = Debug|Any CPU
		{EA52A05B-81DF-436B-895B-E7D60A4D49A1}.Release|Any CPU.ActiveCfg = Release|Any CPU
		{EA52A05B-81DF-436B-895B-E7D60A4D49A1}.Release|Any CPU.Build.0 = Release|Any CPU
		{2F474E27-67D0-4B72-B201-F39F28CBF95B}.Debug|Any CPU.ActiveCfg = Debug|Any CPU
		{2F474E27-67D0-4B72-B201-F39F28CBF95B}.Debug|Any CPU.Build.0 = Debug|Any CPU
		{2F474E27-67D0-4B72-B201-F39F28CBF95B}.Release|Any CPU.ActiveCfg = Release|Any CPU
		{2F474E27-67D0-4B72-B201-F39F28CBF95B}.Release|Any CPU.Build.0 = Release|Any CPU
	EndGlobalSection
	GlobalSection(SolutionProperties) = preSolution
		HideSolutionNode = FALSE
	EndGlobalSection
EndGlobal
