
Microsoft Visual Studio Solution File, Format Version 12.00
# Visual Studio Express 2013 for Windows Desktop
VisualStudioVersion = 12.0.31101.0
MinimumVisualStudioVersion = 10.0.40219.1
Project("{FAE04EC0-301F-11D3-BF4B-00C04F79EFBC}") = "StudentSystem.Models", "StudentSystem.Models\StudentSystem.Models.csproj", "{724250AF-2D63-402F-AE62-78B899DBA99E}"
EndProject
Project("{FAE04EC0-301F-11D3-BF4B-00C04F79EFBC}") = "StudentSystem.Data", "StudentSystem.Data\StudentSystem.Data.csproj", "{FEAA9765-557A-465F-8D35-5F692F92A291}"
EndProject
Project("{FAE04EC0-301F-11D3-BF4B-00C04F79EFBC}") = "StudentSystem.ConsoleClient", "StudentSystem.ConsoleClient\StudentSystem.ConsoleClient.csproj", "{A113FA03-7A96-4036-B350-122DC4D18E86}"
EndProject
Global
	GlobalSection(SolutionConfigurationPlatforms) = preSolution
		Debug|Any CPU = Debug|Any CPU
		Release|Any CPU = Release|Any CPU
	EndGlobalSection
	GlobalSection(ProjectConfigurationPlatforms) = postSolution
		{724250AF-2D63-402F-AE62-78B899DBA99E}.Debug|Any CPU.ActiveCfg = Debug|Any CPU
		{724250AF-2D63-402F-AE62-78B899DBA99E}.Debug|Any CPU.Build.0 = Debug|Any CPU
		{724250AF-2D63-402F-AE62-78B899DBA99E}.Release|Any CPU.ActiveCfg = Release|Any CPU
		{724250AF-2D63-402F-AE62-78B899DBA99E}.Release|Any CPU.Build.0 = Release|Any CPU
		{FEAA9765-557A-465F-8D35-5F692F92A291}.Debug|Any CPU.ActiveCfg = Debug|Any CPU
		{FEAA9765-557A-465F-8D35-5F692F92A291}.Debug|Any CPU.Build.0 = Debug|Any CPU
		{FEAA9765-557A-465F-8D35-5F692F92A291}.Release|Any CPU.ActiveCfg = Release|Any CPU
		{FEAA9765-557A-465F-8D35-5F692F92A291}.Release|Any CPU.Build.0 = Release|Any CPU
		{A113FA03-7A96-4036-B350-122DC4D18E86}.Debug|Any CPU.ActiveCfg = Debug|Any CPU
		{A113FA03-7A96-4036-B350-122DC4D18E86}.Debug|Any CPU.Build.0 = Debug|Any CPU
		{A113FA03-7A96-4036-B350-122DC4D18E86}.Release|Any CPU.ActiveCfg = Release|Any CPU
		{A113FA03-7A96-4036-B350-122DC4D18E86}.Release|Any CPU.Build.0 = Release|Any CPU
	EndGlobalSection
	GlobalSection(SolutionProperties) = preSolution
		HideSolutionNode = FALSE
	EndGlobalSection
EndGlobal
