
Microsoft Visual Studio Solution File, Format Version 12.00
# Visual Studio 2013
VisualStudioVersion = 12.0.31101.0
MinimumVisualStudioVersion = 10.0.40219.1
Project("{FAE04EC0-301F-11D3-BF4B-00C04F79EFBC}") = "Models", "Models\Models.csproj", "{B16ECF77-021F-4689-97F7-40A4884E15BB}"
EndProject
Project("{FAE04EC0-301F-11D3-BF4B-00C04F79EFBC}") = "News.Data", "News.Data\News.Data.csproj", "{DFCB40D4-93F3-4B03-A8E1-D2BEADFC85F2}"
EndProject
Project("{FAE04EC0-301F-11D3-BF4B-00C04F79EFBC}") = "News.ConsoleClient", "News.ConsoleClient\News.ConsoleClient.csproj", "{0CAE24F4-8CB8-4260-879A-579EC74E9A01}"
EndProject
Global
	GlobalSection(SolutionConfigurationPlatforms) = preSolution
		Debug|Any CPU = Debug|Any CPU
		Release|Any CPU = Release|Any CPU
	EndGlobalSection
	GlobalSection(ProjectConfigurationPlatforms) = postSolution
		{B16ECF77-021F-4689-97F7-40A4884E15BB}.Debug|Any CPU.ActiveCfg = Debug|Any CPU
		{B16ECF77-021F-4689-97F7-40A4884E15BB}.Debug|Any CPU.Build.0 = Debug|Any CPU
		{B16ECF77-021F-4689-97F7-40A4884E15BB}.Release|Any CPU.ActiveCfg = Release|Any CPU
		{B16ECF77-021F-4689-97F7-40A4884E15BB}.Release|Any CPU.Build.0 = Release|Any CPU
		{DFCB40D4-93F3-4B03-A8E1-D2BEADFC85F2}.Debug|Any CPU.ActiveCfg = Debug|Any CPU
		{DFCB40D4-93F3-4B03-A8E1-D2BEADFC85F2}.Debug|Any CPU.Build.0 = Debug|Any CPU
		{DFCB40D4-93F3-4B03-A8E1-D2BEADFC85F2}.Release|Any CPU.ActiveCfg = Release|Any CPU
		{DFCB40D4-93F3-4B03-A8E1-D2BEADFC85F2}.Release|Any CPU.Build.0 = Release|Any CPU
		{0CAE24F4-8CB8-4260-879A-579EC74E9A01}.Debug|Any CPU.ActiveCfg = Debug|Any CPU
		{0CAE24F4-8CB8-4260-879A-579EC74E9A01}.Debug|Any CPU.Build.0 = Debug|Any CPU
		{0CAE24F4-8CB8-4260-879A-579EC74E9A01}.Release|Any CPU.ActiveCfg = Release|Any CPU
		{0CAE24F4-8CB8-4260-879A-579EC74E9A01}.Release|Any CPU.Build.0 = Release|Any CPU
	EndGlobalSection
	GlobalSection(SolutionProperties) = preSolution
		HideSolutionNode = FALSE
	EndGlobalSection
EndGlobal
