
Microsoft Visual Studio Solution File, Format Version 12.00
# Visual Studio 2013
VisualStudioVersion = 12.0.31101.0
MinimumVisualStudioVersion = 10.0.40219.1
Project("{FAE04EC0-301F-11D3-BF4B-00C04F79EFBC}") = "Problem01_School", "Problem01_School\Problem01_School.csproj", "{A62552EE-BCEC-4A30-B5BD-F5F226041BC4}"
EndProject
Project("{FAE04EC0-301F-11D3-BF4B-00C04F79EFBC}") = "Problem02_HumanStudentAndWorker", "Problem02_HumanStudentAndWorker\Problem02_HumanStudentAndWorker.csproj", "{D3979735-3023-40EC-A7C6-4D301536F9A3}"
EndProject
Project("{FAE04EC0-301F-11D3-BF4B-00C04F79EFBC}") = "Problem03_Animals", "Problem03_Animals\Problem03_Animals.csproj", "{111A2A08-818E-47FA-942A-33B3A1E432C4}"
EndProject
Project("{FAE04EC0-301F-11D3-BF4B-00C04F79EFBC}") = "Problem04_CompanyHierarchy", "CompanyHierarchy\Problem04_CompanyHierarchy.csproj", "{555585F2-CD3C-4C80-ACCE-F2CABF674232}"
EndProject
Global
	GlobalSection(SolutionConfigurationPlatforms) = preSolution
		Debug|Any CPU = Debug|Any CPU
		Release|Any CPU = Release|Any CPU
	EndGlobalSection
	GlobalSection(ProjectConfigurationPlatforms) = postSolution
		{A62552EE-BCEC-4A30-B5BD-F5F226041BC4}.Debug|Any CPU.ActiveCfg = Debug|Any CPU
		{A62552EE-BCEC-4A30-B5BD-F5F226041BC4}.Debug|Any CPU.Build.0 = Debug|Any CPU
		{A62552EE-BCEC-4A30-B5BD-F5F226041BC4}.Release|Any CPU.ActiveCfg = Release|Any CPU
		{A62552EE-BCEC-4A30-B5BD-F5F226041BC4}.Release|Any CPU.Build.0 = Release|Any CPU
		{D3979735-3023-40EC-A7C6-4D301536F9A3}.Debug|Any CPU.ActiveCfg = Debug|Any CPU
		{D3979735-3023-40EC-A7C6-4D301536F9A3}.Debug|Any CPU.Build.0 = Debug|Any CPU
		{D3979735-3023-40EC-A7C6-4D301536F9A3}.Release|Any CPU.ActiveCfg = Release|Any CPU
		{D3979735-3023-40EC-A7C6-4D301536F9A3}.Release|Any CPU.Build.0 = Release|Any CPU
		{111A2A08-818E-47FA-942A-33B3A1E432C4}.Debug|Any CPU.ActiveCfg = Debug|Any CPU
		{111A2A08-818E-47FA-942A-33B3A1E432C4}.Debug|Any CPU.Build.0 = Debug|Any CPU
		{111A2A08-818E-47FA-942A-33B3A1E432C4}.Release|Any CPU.ActiveCfg = Release|Any CPU
		{111A2A08-818E-47FA-942A-33B3A1E432C4}.Release|Any CPU.Build.0 = Release|Any CPU
		{555585F2-CD3C-4C80-ACCE-F2CABF674232}.Debug|Any CPU.ActiveCfg = Debug|Any CPU
		{555585F2-CD3C-4C80-ACCE-F2CABF674232}.Debug|Any CPU.Build.0 = Debug|Any CPU
		{555585F2-CD3C-4C80-ACCE-F2CABF674232}.Release|Any CPU.ActiveCfg = Release|Any CPU
		{555585F2-CD3C-4C80-ACCE-F2CABF674232}.Release|Any CPU.Build.0 = Release|Any CPU
	EndGlobalSection
	GlobalSection(SolutionProperties) = preSolution
		HideSolutionNode = FALSE
	EndGlobalSection
EndGlobal
