
Microsoft Visual Studio Solution File, Format Version 12.00
# Visual Studio 2013
VisualStudioVersion = 12.0.31101.0
MinimumVisualStudioVersion = 10.0.40219.1
Project("{FAE04EC0-301F-11D3-BF4B-00C04F79EFBC}") = "PoductsShop.Models", "PoductsShop.Models\PoductsShop.Models.csproj", "{8C908AD4-2084-4B03-90B4-705C03082209}"
EndProject
Project("{FAE04EC0-301F-11D3-BF4B-00C04F79EFBC}") = "ProductsShop.Data", "ProductsShop.Data\ProductsShop.Data.csproj", "{DBEDF288-5AE2-4CB9-9A6E-414BEAD0FC33}"
EndProject
Project("{FAE04EC0-301F-11D3-BF4B-00C04F79EFBC}") = "ProductsShop.ConsoleApplication", "ProductsShop.ConsoleApplication\ProductsShop.ConsoleApplication.csproj", "{02B3E77D-75B1-4C01-9158-1C9D511E1562}"
EndProject
Global
	GlobalSection(SolutionConfigurationPlatforms) = preSolution
		Debug|Any CPU = Debug|Any CPU
		Release|Any CPU = Release|Any CPU
	EndGlobalSection
	GlobalSection(ProjectConfigurationPlatforms) = postSolution
		{8C908AD4-2084-4B03-90B4-705C03082209}.Debug|Any CPU.ActiveCfg = Debug|Any CPU
		{8C908AD4-2084-4B03-90B4-705C03082209}.Debug|Any CPU.Build.0 = Debug|Any CPU
		{8C908AD4-2084-4B03-90B4-705C03082209}.Release|Any CPU.ActiveCfg = Release|Any CPU
		{8C908AD4-2084-4B03-90B4-705C03082209}.Release|Any CPU.Build.0 = Release|Any CPU
		{DBEDF288-5AE2-4CB9-9A6E-414BEAD0FC33}.Debug|Any CPU.ActiveCfg = Debug|Any CPU
		{DBEDF288-5AE2-4CB9-9A6E-414BEAD0FC33}.Debug|Any CPU.Build.0 = Debug|Any CPU
		{DBEDF288-5AE2-4CB9-9A6E-414BEAD0FC33}.Release|Any CPU.ActiveCfg = Release|Any CPU
		{DBEDF288-5AE2-4CB9-9A6E-414BEAD0FC33}.Release|Any CPU.Build.0 = Release|Any CPU
		{02B3E77D-75B1-4C01-9158-1C9D511E1562}.Debug|Any CPU.ActiveCfg = Debug|Any CPU
		{02B3E77D-75B1-4C01-9158-1C9D511E1562}.Debug|Any CPU.Build.0 = Debug|Any CPU
		{02B3E77D-75B1-4C01-9158-1C9D511E1562}.Release|Any CPU.ActiveCfg = Release|Any CPU
		{02B3E77D-75B1-4C01-9158-1C9D511E1562}.Release|Any CPU.Build.0 = Release|Any CPU
	EndGlobalSection
	GlobalSection(SolutionProperties) = preSolution
		HideSolutionNode = FALSE
	EndGlobalSection
EndGlobal
