
Microsoft Visual Studio Solution File, Format Version 12.00
# Visual Studio 2013
VisualStudioVersion = 12.0.31101.0
MinimumVisualStudioVersion = 10.0.40219.1
Project("{FAE04EC0-301F-11D3-BF4B-00C04F79EFBC}") = "DistanceCalculatorSOAPService", "DistanceCalculatorSOAPService\DistanceCalculatorSOAPService.csproj", "{D75EAC33-D8CB-414A-B9A6-1A320E50DAA3}"
EndProject
Project("{FAE04EC0-301F-11D3-BF4B-00C04F79EFBC}") = "ConsoleClientSOAPDistanceCalculator", "ConsoleClientSOAPDistanceCalculator\ConsoleClientSOAPDistanceCalculator.csproj", "{55A8327A-7B12-4205-8925-59293B606F2B}"
	ProjectSection(ProjectDependencies) = postProject
		{D75EAC33-D8CB-414A-B9A6-1A320E50DAA3} = {D75EAC33-D8CB-414A-B9A6-1A320E50DAA3}
	EndProjectSection
EndProject
Project("{FAE04EC0-301F-11D3-BF4B-00C04F79EFBC}") = "DistanceCalculatorRESTService", "DistanceCalculatorRESTService\DistanceCalculatorRESTService.csproj", "{47A9B4FC-CED3-45C9-8D9A-0A37D8BFE023}"
EndProject
Project("{FAE04EC0-301F-11D3-BF4B-00C04F79EFBC}") = "ConsoleClientRESTDistanceCalculator", "ConsoleClientRESTDistanceCalculator\ConsoleClientRESTDistanceCalculator.csproj", "{75812B70-7016-4EEE-BCE8-BB5E56477924}"
EndProject
Global
	GlobalSection(SolutionConfigurationPlatforms) = preSolution
		Debug|Any CPU = Debug|Any CPU
		Release|Any CPU = Release|Any CPU
	EndGlobalSection
	GlobalSection(ProjectConfigurationPlatforms) = postSolution
		{D75EAC33-D8CB-414A-B9A6-1A320E50DAA3}.Debug|Any CPU.ActiveCfg = Debug|Any CPU
		{D75EAC33-D8CB-414A-B9A6-1A320E50DAA3}.Debug|Any CPU.Build.0 = Debug|Any CPU
		{D75EAC33-D8CB-414A-B9A6-1A320E50DAA3}.Release|Any CPU.ActiveCfg = Release|Any CPU
		{D75EAC33-D8CB-414A-B9A6-1A320E50DAA3}.Release|Any CPU.Build.0 = Release|Any CPU
		{55A8327A-7B12-4205-8925-59293B606F2B}.Debug|Any CPU.ActiveCfg = Debug|Any CPU
		{55A8327A-7B12-4205-8925-59293B606F2B}.Debug|Any CPU.Build.0 = Debug|Any CPU
		{55A8327A-7B12-4205-8925-59293B606F2B}.Release|Any CPU.ActiveCfg = Release|Any CPU
		{55A8327A-7B12-4205-8925-59293B606F2B}.Release|Any CPU.Build.0 = Release|Any CPU
		{47A9B4FC-CED3-45C9-8D9A-0A37D8BFE023}.Debug|Any CPU.ActiveCfg = Debug|Any CPU
		{47A9B4FC-CED3-45C9-8D9A-0A37D8BFE023}.Debug|Any CPU.Build.0 = Debug|Any CPU
		{47A9B4FC-CED3-45C9-8D9A-0A37D8BFE023}.Release|Any CPU.ActiveCfg = Release|Any CPU
		{47A9B4FC-CED3-45C9-8D9A-0A37D8BFE023}.Release|Any CPU.Build.0 = Release|Any CPU
		{75812B70-7016-4EEE-BCE8-BB5E56477924}.Debug|Any CPU.ActiveCfg = Debug|Any CPU
		{75812B70-7016-4EEE-BCE8-BB5E56477924}.Debug|Any CPU.Build.0 = Debug|Any CPU
		{75812B70-7016-4EEE-BCE8-BB5E56477924}.Release|Any CPU.ActiveCfg = Release|Any CPU
		{75812B70-7016-4EEE-BCE8-BB5E56477924}.Release|Any CPU.Build.0 = Release|Any CPU
	EndGlobalSection
	GlobalSection(SolutionProperties) = preSolution
		HideSolutionNode = FALSE
	EndGlobalSection
EndGlobal
